
Microsoft Visual Studio Solution File, Format Version 12.00
# Visual Studio Version 16
VisualStudioVersion = 16.0.31624.102
MinimumVisualStudioVersion = 10.0.40219.1
Project("{FAE04EC0-301F-11D3-BF4B-00C04F79EFBC}") = "Lw.9.13", "Lw.9.13.csproj", "{D6D2A4B4-EC97-4266-912F-EF49FB8555E8}"
EndProject
Global
	GlobalSection(SolutionConfigurationPlatforms) = preSolution
		Debug|Any CPU = Debug|Any CPU
		Release|Any CPU = Release|Any CPU
	EndGlobalSection
	GlobalSection(ProjectConfigurationPlatforms) = postSolution
		{D6D2A4B4-EC97-4266-912F-EF49FB8555E8}.Debug|Any CPU.ActiveCfg = Debug|Any CPU
		{D6D2A4B4-EC97-4266-912F-EF49FB8555E8}.Debug|Any CPU.Build.0 = Debug|Any CPU
		{D6D2A4B4-EC97-4266-912F-EF49FB8555E8}.Release|Any CPU.ActiveCfg = Release|Any CPU
		{D6D2A4B4-EC97-4266-912F-EF49FB8555E8}.Release|Any CPU.Build.0 = Release|Any CPU
	EndGlobalSection
	GlobalSection(SolutionProperties) = preSolution
		HideSolutionNode = FALSE
	EndGlobalSection
	GlobalSection(ExtensibilityGlobals) = postSolution
		SolutionGuid = {86F883D0-76B0-4202-9765-EDE49C4A3B00}
	EndGlobalSection
EndGlobal
